{
    "name": "indexed-object",
    "version": "1.1.0",
    "lockfileVersion": 1,
    "requires": true,
    "dependencies": {
        "@esfx/indexed-object": {
            "version": "1.0.0-pre.2",
            "resolved": "https://registry.npmjs.org/@esfx/indexed-object/-/indexed-object-1.0.0-pre.2.tgz",
            "integrity": "sha512-qgwCeEaxDZ6DALInV9k0h4pUVCoKNEsjK3PNCq72tGU2Gh3uOAso+JFLYEJdq84YkyQzvf0WoK8aAGDkFYLolw=="
        }
    }
}
